{
  "requires": true,
  "lockfileVersion": 1,
  "dependencies": {
    "@angular/cdk": {
      "version": "9.1.1",
      "resolved": "https://registry.npmjs.org/@angular/cdk/-/cdk-9.1.1.tgz",
      "integrity": "sha512-yzssAqbllGYgX+WeSYLjmEWtXVG5UPZwA0+dPlh+g85nG7b70DVRVYBi8PJySydsfPX/JMherFUU9h0QOWhhZw==",
      "requires": {
        "parse5": "^5.0.0"
      }
    },
    "@angular/material": {
      "version": "9.1.1",
      "resolved": "https://registry.npmjs.org/@angular/material/-/material-9.1.1.tgz",
      "integrity": "sha512-XtfVTTzvLvw90g1sG8mV0kzkfnp2g7I/kUgwng7Zv3NG1Tzt/wEXVe6ovI45B/8qpN6i/7f2aCl7Gz4KTldAyA=="
    },
    "parse5": {
      "version": "5.1.1",
      "resolved": "https://registry.npmjs.org/parse5/-/parse5-5.1.1.tgz",
      "integrity": "sha512-ugq4DFI0Ptb+WWjAdOK16+u/nHfiIrcE+sh8kZMaM0WllQKLI9rOUq6c2b7cwPkXdzfQESqvoqK6ug7U/Yyzug==",
      "optional": true
    }
  }
}
